
Microsoft Visual Studio Solution File, Format Version 12.00
# Visual Studio Version 16
VisualStudioVersion = 25.0.1704.2
MinimumVisualStudioVersion = 10.0.40219.1
Project("{FAE04EC0-301F-11D3-BF4B-00C04F79EFBC}") = "CentrinoTest", "CentrinoTest\CentrinoTest.csproj", "{ED216E9C-C24B-41B5-9DBD-1208BA8BA5DA}"
EndProject
Global
	GlobalSection(SolutionConfigurationPlatforms) = preSolution
		Debug|Any CPU = Debug|Any CPU
		Release|Any CPU = Release|Any CPU
	EndGlobalSection
	GlobalSection(ProjectConfigurationPlatforms) = postSolution
		{ED216E9C-C24B-41B5-9DBD-1208BA8BA5DA}.Debug|Any CPU.ActiveCfg = Debug|Any CPU
		{ED216E9C-C24B-41B5-9DBD-1208BA8BA5DA}.Debug|Any CPU.Build.0 = Debug|Any CPU
		{ED216E9C-C24B-41B5-9DBD-1208BA8BA5DA}.Release|Any CPU.ActiveCfg = Release|Any CPU
		{ED216E9C-C24B-41B5-9DBD-1208BA8BA5DA}.Release|Any CPU.Build.0 = Release|Any CPU
	EndGlobalSection
	GlobalSection(SolutionProperties) = preSolution
		HideSolutionNode = FALSE
	EndGlobalSection
	GlobalSection(ExtensibilityGlobals) = postSolution
		SolutionGuid = {42D66826-8029-41C2-B93A-E6A9C01CD1C6}
	EndGlobalSection
EndGlobal
